
Microsoft Visual Studio Solution File, Format Version 12.00
# Visual Studio 2012
Project("{E24C65DC-7377-472B-9ABA-BC803B73C61A}") = "WebTest", ".", "{60CA23FD-B01D-4F04-9C5E-50FCC96B1E10}"
	ProjectSection(WebsiteProperties) = preProject
		TargetFrameworkMoniker = ".NETFramework,Version%3Dv3.5"
		Debug.AspNetCompiler.VirtualPath = "/WebTest"
		Debug.AspNetCompiler.PhysicalPath = "..\WebTest\"
		Debug.AspNetCompiler.TargetPath = "PrecompiledWeb\WebTest\"
		Debug.AspNetCompiler.Updateable = "true"
		Debug.AspNetCompiler.ForceOverwrite = "true"
		Debug.AspNetCompiler.FixedNames = "false"
		Debug.AspNetCompiler.Debug = "True"
		Release.AspNetCompiler.VirtualPath = "/WebTest"
		Release.AspNetCompiler.PhysicalPath = "..\WebTest\"
		Release.AspNetCompiler.TargetPath = "PrecompiledWeb\WebTest\"
		Release.AspNetCompiler.Updateable = "true"
		Release.AspNetCompiler.ForceOverwrite = "true"
		Release.AspNetCompiler.FixedNames = "false"
		Release.AspNetCompiler.Debug = "False"
		VWDPort = "25145"
	EndProjectSection
EndProject
Project("{E24C65DC-7377-472B-9ABA-BC803B73C61A}") = "WebTestBranch", "http://localhost:44011", "{89FBC6BC-520D-44EA-AE12-0DD319C00398}"
	ProjectSection(WebsiteProperties) = preProject
		UseIISExpress = "true"
		TargetFrameworkMoniker = ".NETFramework,Version%3Dv4.5"
		Debug.AspNetCompiler.VirtualPath = "/localhost_44011"
		Debug.AspNetCompiler.PhysicalPath = "..\WebTestBranch\"
		Debug.AspNetCompiler.TargetPath = "PrecompiledWeb\localhost_44011\"
		Debug.AspNetCompiler.Updateable = "true"
		Debug.AspNetCompiler.ForceOverwrite = "true"
		Debug.AspNetCompiler.FixedNames = "false"
		Debug.AspNetCompiler.Debug = "True"
		Release.AspNetCompiler.VirtualPath = "/localhost_44011"
		Release.AspNetCompiler.PhysicalPath = "..\WebTestBranch\"
		Release.AspNetCompiler.TargetPath = "PrecompiledWeb\localhost_44011\"
		Release.AspNetCompiler.Updateable = "true"
		Release.AspNetCompiler.ForceOverwrite = "true"
		Release.AspNetCompiler.FixedNames = "false"
		Release.AspNetCompiler.Debug = "False"
		SlnRelativePath = "..\WebTestBranch\"
		DefaultWebSiteLanguage = "Visual C#"
	EndProjectSection
EndProject
Global
	GlobalSection(SolutionConfigurationPlatforms) = preSolution
		Debug|Any CPU = Debug|Any CPU
		Release|Any CPU = Release|Any CPU
	EndGlobalSection
	GlobalSection(ProjectConfigurationPlatforms) = postSolution
		{60CA23FD-B01D-4F04-9C5E-50FCC96B1E10}.Debug|Any CPU.ActiveCfg = Debug|Any CPU
		{60CA23FD-B01D-4F04-9C5E-50FCC96B1E10}.Debug|Any CPU.Build.0 = Debug|Any CPU
		{60CA23FD-B01D-4F04-9C5E-50FCC96B1E10}.Release|Any CPU.ActiveCfg = Debug|Any CPU
		{60CA23FD-B01D-4F04-9C5E-50FCC96B1E10}.Release|Any CPU.Build.0 = Debug|Any CPU
		{89FBC6BC-520D-44EA-AE12-0DD319C00398}.Debug|Any CPU.ActiveCfg = Debug|Any CPU
		{89FBC6BC-520D-44EA-AE12-0DD319C00398}.Debug|Any CPU.Build.0 = Debug|Any CPU
		{89FBC6BC-520D-44EA-AE12-0DD319C00398}.Release|Any CPU.ActiveCfg = Debug|Any CPU
		{89FBC6BC-520D-44EA-AE12-0DD319C00398}.Release|Any CPU.Build.0 = Debug|Any CPU
	EndGlobalSection
	GlobalSection(SolutionProperties) = preSolution
		HideSolutionNode = FALSE
	EndGlobalSection
EndGlobal
